
Microsoft Visual Studio Solution File, Format Version 12.00
# Visual Studio Version 16
VisualStudioVersion = 16.0.29306.81
MinimumVisualStudioVersion = 10.0.40219.1
Project("{9A19103F-16F7-4668-BE54-9A1E7A4F7556}") = "EFDemo.Module", "EFDemo.Module\EFDemo.Module.NetCore.Desktop.csproj", "{46915429-A63D-479C-800F-B5B1499BFA0B}"
EndProject
Project("{9A19103F-16F7-4668-BE54-9A1E7A4F7556}") = "EFDemo.Module.Win", "EFDemo.Module.Win\EFDemo.Module.Win.NetCore.Desktop.csproj", "{E0D8A41F-C2A2-4F40-8FE1-63A668935EF9}"
EndProject
Project("{9A19103F-16F7-4668-BE54-9A1E7A4F7556}") = "EFDemo.Win", "EFDemo.Win\EFDemo.Win.NetCore.Desktop.csproj", "{174D3075-F9F8-4FDC-83FF-4CC0294697A2}"
EndProject
Global
	GlobalSection(SolutionConfigurationPlatforms) = preSolution
		Debug|Any CPU = Debug|Any CPU
		Release|Any CPU = Release|Any CPU
	EndGlobalSection
	GlobalSection(ProjectConfigurationPlatforms) = postSolution
		{46915429-A63D-479C-800F-B5B1499BFA0B}.Debug|Any CPU.ActiveCfg = Debug|Any CPU
		{46915429-A63D-479C-800F-B5B1499BFA0B}.Debug|Any CPU.Build.0 = Debug|Any CPU
		{46915429-A63D-479C-800F-B5B1499BFA0B}.Release|Any CPU.ActiveCfg = Release|Any CPU
		{46915429-A63D-479C-800F-B5B1499BFA0B}.Release|Any CPU.Build.0 = Release|Any CPU
		{E0D8A41F-C2A2-4F40-8FE1-63A668935EF9}.Debug|Any CPU.ActiveCfg = Debug|Any CPU
		{E0D8A41F-C2A2-4F40-8FE1-63A668935EF9}.Debug|Any CPU.Build.0 = Debug|Any CPU
		{E0D8A41F-C2A2-4F40-8FE1-63A668935EF9}.Release|Any CPU.ActiveCfg = Release|Any CPU
		{E0D8A41F-C2A2-4F40-8FE1-63A668935EF9}.Release|Any CPU.Build.0 = Release|Any CPU
		{174D3075-F9F8-4FDC-83FF-4CC0294697A2}.Debug|Any CPU.ActiveCfg = Debug|Any CPU
		{174D3075-F9F8-4FDC-83FF-4CC0294697A2}.Debug|Any CPU.Build.0 = Debug|Any CPU
		{174D3075-F9F8-4FDC-83FF-4CC0294697A2}.Release|Any CPU.ActiveCfg = Release|Any CPU
		{174D3075-F9F8-4FDC-83FF-4CC0294697A2}.Release|Any CPU.Build.0 = Release|Any CPU
	EndGlobalSection
	GlobalSection(SolutionProperties) = preSolution
		HideSolutionNode = FALSE
	EndGlobalSection
	GlobalSection(ExtensibilityGlobals) = postSolution
		SolutionGuid = {1CDE1F18-5AC3-4426-9D83-7BB8DEE2969E}
	EndGlobalSection
EndGlobal
